# This file is autogenerated, do not edit; changes may be undone by the next 'dep ensure'.


[[projects]]
  name = "github.com/aws/aws-sdk-go"
  packages = ["aws","aws/awserr","aws/awsutil","aws/client","aws/client/metadata","aws/corehandlers","aws/credentials","aws/credentials/ec2rolecreds","aws/credentials/endpointcreds","aws/credentials/stscreds","aws/csm","aws/defaults","aws/ec2metadata","aws/endpoints","aws/request","aws/session","aws/signer/v4","internal/sdkio","internal/sdkrand","internal/sdkuri","internal/shareddefaults","private/protocol","private/protocol/ec2query","private/protocol/query","private/protocol/query/queryutil","private/protocol/rest","private/protocol/xml/xmlutil","service/ec2","service/iam","service/sts"]
  revision = "96313df4b1ba47ade3de7b2b90d69c02a81ddaa4"
  version = "v1.14.33"

[[projects]]
  name = "github.com/go-ini/ini"
  packages = ["."]
  revision = "358ee7663966325963d4e8b2e1fbd570c5195153"
  version = "v1.38.1"

[[projects]]
  name = "github.com/jmespath/go-jmespath"
  packages = ["."]
  revision = "0b12d6b5"

[[projects]]
  branch = "master"
  name = "github.com/otiai10/iamutil"
  packages = ["."]
  revision = "1b7ea34f3a4d3c2f10c58b58f9275b851d435e10"

[[projects]]
  branch = "master"
  name = "github.com/otiai10/stackerr"
  packages = ["."]
  revision = "4e1f0a42e943cd172c9c2229335ca37b8aadd8ce"

[solve-meta]
  analyzer-name = "dep"
  analyzer-version = 1
  inputs-digest = "4bc7dfdb791837537444cd1b332d9fbb2b7c52482f318d6dbb70586bc666e479"
  solver-name = "gps-cdcl"
  solver-version = 1
